Microsoft Visual Studio Solution File, Format Version 12.00
# Visual Studio Version 17
VisualStudioVersion = 17.0.31612.314
MinimumVisualStudioVersion = 10.0.40219.1
Project("{2150E333-8FDC-42A3-9474-1A3956D46DE8}") = "src", "src", "{56B4195C-A86F-45DB-BAA5-8F974D17112D}"
EndProject
Project("{2150E333-8FDC-42A3-9474-1A3956D46DE8}") = "Core", "Core", "{225C0FD8-B796-4E9E-B1E7-0E4CD13F2E45}"
EndProject
Project("{9A19103F-16F7-4668-BE54-9A1E7A4F7556}") = "Domain", "src\Server\Core\Domain\Domain.csproj", "{F7E6892A-99E4-4702-AC1B-8B325B959089}"
EndProject
Project("{9A19103F-16F7-4668-BE54-9A1E7A4F7556}") = "Application", "src\Server\Core\Application\Application.csproj", "{5829CFAE-7801-4CB9-9F39-3185F8AFFB19}"
EndProject
Project("{9A19103F-16F7-4668-BE54-9A1E7A4F7556}") = "Infrastructure", "src\Server\Infrastructure\Infrastructure.csproj", "{5C3397B9-EF56-4499-B625-D1B8D1B7DD68}"
EndProject
Project("{9A19103F-16F7-4668-BE54-9A1E7A4F7556}") = "Host", "src\Server\Host\Host.csproj", "{AD21F819-C24F-4FBB-8033-491E424B6349}"
EndProject
Project("{2150E333-8FDC-42A3-9474-1A3956D46DE8}") = "Migrators", "Migrators", "{B778FB14-BDFD-454E-9FD7-5CE3572552B7}"
EndProject
Project("{9A19103F-16F7-4668-BE54-9A1E7A4F7556}") = "Migrators.PostgreSQL", "src\Server\Migrators\Migrators.PostgreSQL\Migrators.PostgreSQL.csproj", "{927D3251-8F4E-47B2-B6FB-C2BBD49427CC}"
EndProject
Project("{9A19103F-16F7-4668-BE54-9A1E7A4F7556}") = "Migrators.MSSQL", "src\Server\Migrators\Migrators.MSSQL\Migrators.MSSQL.csproj", "{BF2C59A8-8288-4260-9A95-B07503A5A134}"
EndProject
Project("{9A19103F-16F7-4668-BE54-9A1E7A4F7556}") = "Migrators.MySQL", "src\Server\Migrators\Migrators.MySQL\Migrators.MySQL.csproj", "{3C50A473-F439-47B8-8FCB-7CA9C3367247}"
EndProject
Project("{2150E333-8FDC-42A3-9474-1A3956D46DE8}") = "Solution Items", "Solution Items", "{626CE5D3-A235-429B-9709-66007CD169A7}"
	ProjectSection(SolutionItems) = preProject
		.dockerignore = .dockerignore
		.editorconfig = .editorconfig
		.gitignore = .gitignore
		Changelogs.md = Changelogs.md
		CODE_OF_CONDUCT.md = CODE_OF_CONDUCT.md
		CONTRIBUTING.md = CONTRIBUTING.md
		Directory.Build.props = Directory.Build.props
		Directory.Build.targets = Directory.Build.targets
		docker-compose.yml = docker-compose.yml
		dotnet.ruleset = dotnet.ruleset
		global.json = global.json
		icon.png = icon.png
		LICENSE = LICENSE
		README.md = README.md
		README_DOCKER.md = README_DOCKER.md
		stylecop.json = stylecop.json
	EndProjectSection
EndProject
Project("{2150E333-8FDC-42A3-9474-1A3956D46DE8}") = "tests", "tests", "{E63DB355-B283-460C-87E9-68A8E831ADCE}"
EndProject
Project("{9A19103F-16F7-4668-BE54-9A1E7A4F7556}") = "Infrastructure.Test", "tests\Infrastructure.Test\Infrastructure.Test.csproj", "{56278085-6921-4F93-A64B-DE6BEBFB6F24}"
EndProject
Project("{9A19103F-16F7-4668-BE54-9A1E7A4F7556}") = "Shared", "src\Server\Core\Shared\Shared.csproj", "{5B986063-2160-4F86-AF1D-7F97671146C5}"
EndProject
Project("{2150E333-8FDC-42A3-9474-1A3956D46DE8}") = "Server", "Server", "{30974E87-B7F8-4C09-8524-D5ED52CC1414}"
EndProject
Project("{2150E333-8FDC-42A3-9474-1A3956D46DE8}") = "Client", "Client", "{FE4B32C2-7346-47CF-81AD-C75FCB51FE57}"
EndProject
Project("{2150E333-8FDC-42A3-9474-1A3956D46DE8}") = "Web", "Web", "{38BEFF03-EA51-49E7-B2A6-42C35D09E3DD}"
	ProjectSection(SolutionItems) = preProject
		src\Client\Web\.eslintrc.cjs = src\Client\Web\.eslintrc.cjs
		src\Client\Web\.gitignore = src\Client\Web\.gitignore
		src\Client\Web\components.json = src\Client\Web\components.json
		src\Client\Web\index.html = src\Client\Web\index.html
		src\Client\Web\package.json = src\Client\Web\package.json
		src\Client\Web\package-lock.json = src\Client\Web\package-lock.json
		src\Client\Web\postcss.config.js = src\Client\Web\postcss.config.js
		src\Client\Web\README.md = src\Client\Web\README.md
		src\Client\Web\tailwind.config.js = src\Client\Web\tailwind.config.js
		src\Client\Web\tsconfig.app.json = src\Client\Web\tsconfig.app.json
		src\Client\Web\tsconfig.json = src\Client\Web\tsconfig.json
		src\Client\Web\tsconfig.node.json = src\Client\Web\tsconfig.node.json
		src\Client\Web\vite.config.ts = src\Client\Web\vite.config.ts
	EndProjectSection
EndProject
Project("{2150E333-8FDC-42A3-9474-1A3956D46DE8}") = "public", "public", "{F8F8DAE4-CC62-469E-BA26-43B89D7DA399}"
	ProjectSection(SolutionItems) = preProject
		src\Client\Web\public\vite.svg = src\Client\Web\public\vite.svg
	EndProjectSection
EndProject
Project("{2150E333-8FDC-42A3-9474-1A3956D46DE8}") = "src", "src", "{A9A12CFA-E9B2-4DB1-BCFD-B0B3311819C8}"
	ProjectSection(SolutionItems) = preProject
		src\Client\Web\src\App.css = src\Client\Web\src\App.css
		src\Client\Web\src\App.tsx = src\Client\Web\src\App.tsx
		src\Client\Web\src\index.css = src\Client\Web\src\index.css
		src\Client\Web\src\main.tsx = src\Client\Web\src\main.tsx
		src\Client\Web\src\vite-env.d.ts = src\Client\Web\src\vite-env.d.ts
	EndProjectSection
EndProject
Project("{2150E333-8FDC-42A3-9474-1A3956D46DE8}") = "assets", "assets", "{A4F8CD2C-D4D1-41F1-82CF-E8125F788ECB}"
	ProjectSection(SolutionItems) = preProject
		src\Client\Web\src\assets\react.svg = src\Client\Web\src\assets\react.svg
	EndProjectSection
EndProject
Project("{2150E333-8FDC-42A3-9474-1A3956D46DE8}") = "components", "components", "{F67D0DCD-C6F6-4169-A479-FC5D9E356702}"
EndProject
Project("{2150E333-8FDC-42A3-9474-1A3956D46DE8}") = "layout", "layout", "{26C837A6-0890-4EE2-8B25-773D16181FF6}"
EndProject
Project("{2150E333-8FDC-42A3-9474-1A3956D46DE8}") = "lib", "lib", "{CF62FCAC-73BC-4A6A-88DB-3C03F4FAC967}"
	ProjectSection(SolutionItems) = preProject
		src\Client\Web\src\lib\utils.ts = src\Client\Web\src\lib\utils.ts
	EndProjectSection
EndProject
Project("{2150E333-8FDC-42A3-9474-1A3956D46DE8}") = "pages", "pages", "{BC5D4CB9-EA0D-4B57-81B8-C62F01913036}"
EndProject
Project("{2150E333-8FDC-42A3-9474-1A3956D46DE8}") = "ui", "ui", "{0D36890B-B71E-41C2-A130-4259595B0FCD}"
	ProjectSection(SolutionItems) = preProject
		src\Client\Web\src\components\ui\button.tsx = src\Client\Web\src\components\ui\button.tsx
	EndProjectSection
EndProject
Global
	GlobalSection(SolutionConfigurationPlatforms) = preSolution
		Debug|Any CPU = Debug|Any CPU
		Release|Any CPU = Release|Any CPU
	EndGlobalSection
	GlobalSection(ProjectConfigurationPlatforms) = postSolution
		{F7E6892A-99E4-4702-AC1B-8B325B959089}.Debug|Any CPU.ActiveCfg = Debug|Any CPU
		{F7E6892A-99E4-4702-AC1B-8B325B959089}.Debug|Any CPU.Build.0 = Debug|Any CPU
		{F7E6892A-99E4-4702-AC1B-8B325B959089}.Release|Any CPU.ActiveCfg = Release|Any CPU
		{F7E6892A-99E4-4702-AC1B-8B325B959089}.Release|Any CPU.Build.0 = Release|Any CPU
		{5829CFAE-7801-4CB9-9F39-3185F8AFFB19}.Debug|Any CPU.ActiveCfg = Debug|Any CPU
		{5829CFAE-7801-4CB9-9F39-3185F8AFFB19}.Debug|Any CPU.Build.0 = Debug|Any CPU
		{5829CFAE-7801-4CB9-9F39-3185F8AFFB19}.Release|Any CPU.ActiveCfg = Release|Any CPU
		{5829CFAE-7801-4CB9-9F39-3185F8AFFB19}.Release|Any CPU.Build.0 = Release|Any CPU
		{5C3397B9-EF56-4499-B625-D1B8D1B7DD68}.Debug|Any CPU.ActiveCfg = Debug|Any CPU
		{5C3397B9-EF56-4499-B625-D1B8D1B7DD68}.Debug|Any CPU.Build.0 = Debug|Any CPU
		{5C3397B9-EF56-4499-B625-D1B8D1B7DD68}.Release|Any CPU.ActiveCfg = Release|Any CPU
		{5C3397B9-EF56-4499-B625-D1B8D1B7DD68}.Release|Any CPU.Build.0 = Release|Any CPU
		{AD21F819-C24F-4FBB-8033-491E424B6349}.Debug|Any CPU.ActiveCfg = Debug|Any CPU
		{AD21F819-C24F-4FBB-8033-491E424B6349}.Debug|Any CPU.Build.0 = Debug|Any CPU
		{AD21F819-C24F-4FBB-8033-491E424B6349}.Release|Any CPU.ActiveCfg = Release|Any CPU
		{AD21F819-C24F-4FBB-8033-491E424B6349}.Release|Any CPU.Build.0 = Release|Any CPU
		{927D3251-8F4E-47B2-B6FB-C2BBD49427CC}.Debug|Any CPU.ActiveCfg = Debug|Any CPU
		{927D3251-8F4E-47B2-B6FB-C2BBD49427CC}.Debug|Any CPU.Build.0 = Debug|Any CPU
		{927D3251-8F4E-47B2-B6FB-C2BBD49427CC}.Release|Any CPU.ActiveCfg = Release|Any CPU
		{927D3251-8F4E-47B2-B6FB-C2BBD49427CC}.Release|Any CPU.Build.0 = Release|Any CPU
		{BF2C59A8-8288-4260-9A95-B07503A5A134}.Debug|Any CPU.ActiveCfg = Debug|Any CPU
		{BF2C59A8-8288-4260-9A95-B07503A5A134}.Debug|Any CPU.Build.0 = Debug|Any CPU
		{BF2C59A8-8288-4260-9A95-B07503A5A134}.Release|Any CPU.ActiveCfg = Release|Any CPU
		{BF2C59A8-8288-4260-9A95-B07503A5A134}.Release|Any CPU.Build.0 = Release|Any CPU
		{3C50A473-F439-47B8-8FCB-7CA9C3367247}.Debug|Any CPU.ActiveCfg = Debug|Any CPU
		{3C50A473-F439-47B8-8FCB-7CA9C3367247}.Debug|Any CPU.Build.0 = Debug|Any CPU
		{3C50A473-F439-47B8-8FCB-7CA9C3367247}.Release|Any CPU.ActiveCfg = Release|Any CPU
		{3C50A473-F439-47B8-8FCB-7CA9C3367247}.Release|Any CPU.Build.0 = Release|Any CPU
		{56278085-6921-4F93-A64B-DE6BEBFB6F24}.Debug|Any CPU.ActiveCfg = Debug|Any CPU
		{56278085-6921-4F93-A64B-DE6BEBFB6F24}.Debug|Any CPU.Build.0 = Debug|Any CPU
		{56278085-6921-4F93-A64B-DE6BEBFB6F24}.Release|Any CPU.ActiveCfg = Release|Any CPU
		{56278085-6921-4F93-A64B-DE6BEBFB6F24}.Release|Any CPU.Build.0 = Release|Any CPU
		{5B986063-2160-4F86-AF1D-7F97671146C5}.Debug|Any CPU.ActiveCfg = Debug|Any CPU
		{5B986063-2160-4F86-AF1D-7F97671146C5}.Debug|Any CPU.Build.0 = Debug|Any CPU
		{5B986063-2160-4F86-AF1D-7F97671146C5}.Release|Any CPU.ActiveCfg = Release|Any CPU
		{5B986063-2160-4F86-AF1D-7F97671146C5}.Release|Any CPU.Build.0 = Release|Any CPU
	EndGlobalSection
	GlobalSection(SolutionProperties) = preSolution
		HideSolutionNode = FALSE
	EndGlobalSection
	GlobalSection(NestedProjects) = preSolution
		{F7E6892A-99E4-4702-AC1B-8B325B959089} = {225C0FD8-B796-4E9E-B1E7-0E4CD13F2E45}
		{5829CFAE-7801-4CB9-9F39-3185F8AFFB19} = {225C0FD8-B796-4E9E-B1E7-0E4CD13F2E45}
		{927D3251-8F4E-47B2-B6FB-C2BBD49427CC} = {B778FB14-BDFD-454E-9FD7-5CE3572552B7}
		{BF2C59A8-8288-4260-9A95-B07503A5A134} = {B778FB14-BDFD-454E-9FD7-5CE3572552B7}
		{3C50A473-F439-47B8-8FCB-7CA9C3367247} = {B778FB14-BDFD-454E-9FD7-5CE3572552B7}
		{56278085-6921-4F93-A64B-DE6BEBFB6F24} = {E63DB355-B283-460C-87E9-68A8E831ADCE}
		{5B986063-2160-4F86-AF1D-7F97671146C5} = {225C0FD8-B796-4E9E-B1E7-0E4CD13F2E45}
		{30974E87-B7F8-4C09-8524-D5ED52CC1414} = {56B4195C-A86F-45DB-BAA5-8F974D17112D}
		{FE4B32C2-7346-47CF-81AD-C75FCB51FE57} = {56B4195C-A86F-45DB-BAA5-8F974D17112D}
		{AD21F819-C24F-4FBB-8033-491E424B6349} = {30974E87-B7F8-4C09-8524-D5ED52CC1414}
		{5C3397B9-EF56-4499-B625-D1B8D1B7DD68} = {30974E87-B7F8-4C09-8524-D5ED52CC1414}
		{225C0FD8-B796-4E9E-B1E7-0E4CD13F2E45} = {30974E87-B7F8-4C09-8524-D5ED52CC1414}
		{B778FB14-BDFD-454E-9FD7-5CE3572552B7} = {30974E87-B7F8-4C09-8524-D5ED52CC1414}
		{38BEFF03-EA51-49E7-B2A6-42C35D09E3DD} = {FE4B32C2-7346-47CF-81AD-C75FCB51FE57}
		{F8F8DAE4-CC62-469E-BA26-43B89D7DA399} = {38BEFF03-EA51-49E7-B2A6-42C35D09E3DD}
		{A9A12CFA-E9B2-4DB1-BCFD-B0B3311819C8} = {38BEFF03-EA51-49E7-B2A6-42C35D09E3DD}
		{A4F8CD2C-D4D1-41F1-82CF-E8125F788ECB} = {A9A12CFA-E9B2-4DB1-BCFD-B0B3311819C8}
		{F67D0DCD-C6F6-4169-A479-FC5D9E356702} = {A9A12CFA-E9B2-4DB1-BCFD-B0B3311819C8}
		{26C837A6-0890-4EE2-8B25-773D16181FF6} = {A9A12CFA-E9B2-4DB1-BCFD-B0B3311819C8}
		{CF62FCAC-73BC-4A6A-88DB-3C03F4FAC967} = {A9A12CFA-E9B2-4DB1-BCFD-B0B3311819C8}
		{BC5D4CB9-EA0D-4B57-81B8-C62F01913036} = {A9A12CFA-E9B2-4DB1-BCFD-B0B3311819C8}
		{0D36890B-B71E-41C2-A130-4259595B0FCD} = {F67D0DCD-C6F6-4169-A479-FC5D9E356702}
	EndGlobalSection
	GlobalSection(ExtensibilityGlobals) = postSolution
		SolutionGuid = {D0D80036-558A-4A3A-A0BE-00CED864A4DD}
	EndGlobalSection
EndGlobal
